
Microsoft Visual Studio Solution File, Format Version 12.00
# Visual Studio Version 17
VisualStudioVersion = 17.5.002.0
MinimumVisualStudioVersion = 10.0.40219.1
Project("{9A19103F-16F7-4668-BE54-9A1E7A4F7556}") = "POS", "POS.csproj", "{4C68DEB1-8E0F-43DA-81A8-8C2F5325411C}"
EndProject
Global
	GlobalSection(SolutionConfigurationPlatforms) = preSolution
		Debug|Any CPU = Debug|Any CPU
		Release|Any CPU = Release|Any CPU
	EndGlobalSection
	GlobalSection(ProjectConfigurationPlatforms) = postSolution
		{4C68DEB1-8E0F-43DA-81A8-8C2F5325411C}.Debug|Any CPU.ActiveCfg = Debug|Any CPU
		{4C68DEB1-8E0F-43DA-81A8-8C2F5325411C}.Debug|Any CPU.Build.0 = Debug|Any CPU
		{4C68DEB1-8E0F-43DA-81A8-8C2F5325411C}.Release|Any CPU.ActiveCfg = Release|Any CPU
		{4C68DEB1-8E0F-43DA-81A8-8C2F5325411C}.Release|Any CPU.Build.0 = Release|Any CPU
	EndGlobalSection
	GlobalSection(SolutionProperties) = preSolution
		HideSolutionNode = FALSE
	EndGlobalSection
	GlobalSection(ExtensibilityGlobals) = postSolution
		SolutionGuid = {6878DEA3-C425-448D-BC8E-0F1971A4F91C}
	EndGlobalSection
EndGlobal
